<?xml version="1.0" encoding="utf-8"?>
<Project ToolsVersion="4.0" xmlns="http://schemas.microsoft.com/developer/msbuild/2003">
  <ItemGroup>
    <Filter Include="Исходные файлы">
      <UniqueIdentifier>{4FC737F1-C7A5-4376-A066-2A32D752A2FF}</UniqueIdentifier>
      <Extensions>cpp;c;cc;cxx;c++;cppm;ixx;def;odl;idl;hpj;bat;asm;asmx</Extensions>
    </Filter>
    <Filter Include="Файлы заголовков">
      <UniqueIdentifier>{93995380-89BD-4b04-88EB-625FBE52EBFB}</UniqueIdentifier>
      <Extensions>h;hh;hpp;hxx;h++;hm;inl;inc;ipp;xsd</Extensions>
    </Filter>
    <Filter Include="Файлы ресурсов">
      <UniqueIdentifier>{67DA6AB6-F800-4c08-8B7A-83BB121AAD01}</UniqueIdentifier>
      <Extensions>rc;ico;cur;bmp;dlg;rc2;rct;bin;rgs;gif;jpg;jpeg;jpe;resx;tiff;tif;png;wav;mfcribbon-ms</Extensions>
    </Filter>
    <Filter Include="diff">
      <UniqueIdentifier>{9c6037d9-3b84-4e71-8224-9cf0e9284b10}</UniqueIdentifier>
    </Filter>
  </ItemGroup>
  <ItemGroup>
    <ClCompile Include="sys_win.c">
      <Filter>Исходные файлы</Filter>
    </ClCompile>
    <ClCompile Include="cd_win.c">
      <Filter>Исходные файлы</Filter>
    </ClCompile>
    <ClCompile Include="chase.c">
      <Filter>Исходные файлы</Filter>
    </ClCompile>
    <ClCompile Include="cl_demo.c">
      <Filter>Исходные файлы</Filter>
    </ClCompile>
    <ClCompile Include="cl_input.c">
      <Filter>Исходные файлы</Filter>
    </ClCompile>
    <ClCompile Include="cl_main.c">
      <Filter>Исходные файлы</Filter>
    </ClCompile>
    <ClCompile Include="cl_parse.c">
      <Filter>Исходные файлы</Filter>
    </ClCompile>
    <ClCompile Include="cl_tent.c">
      <Filter>Исходные файлы</Filter>
    </ClCompile>
    <ClCompile Include="cmd.c">
      <Filter>Исходные файлы</Filter>
    </ClCompile>
    <ClCompile Include="common.c">
      <Filter>Исходные файлы</Filter>
    </ClCompile>
    <ClCompile Include="conproc.c">
      <Filter>Исходные файлы</Filter>
    </ClCompile>
    <ClCompile Include="console.c">
      <Filter>Исходные файлы</Filter>
    </ClCompile>
    <ClCompile Include="crc.c">
      <Filter>Исходные файлы</Filter>
    </ClCompile>
    <ClCompile Include="cvar.c">
      <Filter>Исходные файлы</Filter>
    </ClCompile>
    <ClCompile Include="host.c">
      <Filter>Исходные файлы</Filter>
    </ClCompile>
    <ClCompile Include="host_cmd.c">
      <Filter>Исходные файлы</Filter>
    </ClCompile>
    <ClCompile Include="in_win.c">
      <Filter>Исходные файлы</Filter>
    </ClCompile>
    <ClCompile Include="keys.c">
      <Filter>Исходные файлы</Filter>
    </ClCompile>
    <ClCompile Include="mathlib.c">
      <Filter>Исходные файлы</Filter>
    </ClCompile>
    <ClCompile Include="menu.c">
      <Filter>Исходные файлы</Filter>
    </ClCompile>
    <ClCompile Include="net_dgrm.c">
      <Filter>Исходные файлы</Filter>
    </ClCompile>
    <ClCompile Include="net_loop.c">
      <Filter>Исходные файлы</Filter>
    </ClCompile>
    <ClCompile Include="net_main.c">
      <Filter>Исходные файлы</Filter>
    </ClCompile>
    <ClCompile Include="net_vcr.c">
      <Filter>Исходные файлы</Filter>
    </ClCompile>
    <ClCompile Include="net_win.c">
      <Filter>Исходные файлы</Filter>
    </ClCompile>
    <ClCompile Include="net_wins.c">
      <Filter>Исходные файлы</Filter>
    </ClCompile>
    <ClCompile Include="net_wipx.c">
      <Filter>Исходные файлы</Filter>
    </ClCompile>
    <ClCompile Include="nonintel.c">
      <Filter>Исходные файлы</Filter>
    </ClCompile>
    <ClCompile Include="pr_cmds.c">
      <Filter>Исходные файлы</Filter>
    </ClCompile>
    <ClCompile Include="pr_edict.c">
      <Filter>Исходные файлы</Filter>
    </ClCompile>
    <ClCompile Include="pr_exec.c">
      <Filter>Исходные файлы</Filter>
    </ClCompile>
    <ClCompile Include="r_part.c">
      <Filter>Исходные файлы</Filter>
    </ClCompile>
    <ClCompile Include="sbar.c">
      <Filter>Исходные файлы</Filter>
    </ClCompile>
    <ClCompile Include="snd_dma.c">
      <Filter>Исходные файлы</Filter>
    </ClCompile>
    <ClCompile Include="snd_mem.c">
      <Filter>Исходные файлы</Filter>
    </ClCompile>
    <ClCompile Include="snd_mix.c">
      <Filter>Исходные файлы</Filter>
    </ClCompile>
    <ClCompile Include="snd_win.c">
      <Filter>Исходные файлы</Filter>
    </ClCompile>
    <ClCompile Include="sv_main.c">
      <Filter>Исходные файлы</Filter>
    </ClCompile>
    <ClCompile Include="sv_move.c">
      <Filter>Исходные файлы</Filter>
    </ClCompile>
    <ClCompile Include="sv_phys.c">
      <Filter>Исходные файлы</Filter>
    </ClCompile>
    <ClCompile Include="sv_user.c">
      <Filter>Исходные файлы</Filter>
    </ClCompile>
    <ClCompile Include="view.c">
      <Filter>Исходные файлы</Filter>
    </ClCompile>
    <ClCompile Include="wad.c">
      <Filter>Исходные файлы</Filter>
    </ClCompile>
    <ClCompile Include="world.c">
      <Filter>Исходные файлы</Filter>
    </ClCompile>
    <ClCompile Include="zone.c">
      <Filter>Исходные файлы</Filter>
    </ClCompile>
    <ClCompile Include="d_fill.c">
      <Filter>diff</Filter>
    </ClCompile>
    <ClCompile Include="d_edge.c">
      <Filter>diff</Filter>
    </ClCompile>
    <ClCompile Include="d_init.c">
      <Filter>diff</Filter>
    </ClCompile>
    <ClCompile Include="d_modech.c">
      <Filter>diff</Filter>
    </ClCompile>
    <ClCompile Include="d_part.c">
      <Filter>diff</Filter>
    </ClCompile>
    <ClCompile Include="d_polyse.c">
      <Filter>diff</Filter>
    </ClCompile>
    <ClCompile Include="d_scan.c">
      <Filter>diff</Filter>
    </ClCompile>
    <ClCompile Include="d_sky.c">
      <Filter>diff</Filter>
    </ClCompile>
    <ClCompile Include="d_sprite.c">
      <Filter>diff</Filter>
    </ClCompile>
    <ClCompile Include="d_surf.c">
      <Filter>diff</Filter>
    </ClCompile>
    <ClCompile Include="d_vars.c">
      <Filter>diff</Filter>
    </ClCompile>
    <ClCompile Include="d_zpoint.c">
      <Filter>diff</Filter>
    </ClCompile>
    <ClCompile Include="draw.c">
      <Filter>diff</Filter>
    </ClCompile>
    <ClCompile Include="model.c">
      <Filter>diff</Filter>
    </ClCompile>
    <ClCompile Include="r_aclip.c">
      <Filter>diff</Filter>
    </ClCompile>
    <ClCompile Include="r_alias.c">
      <Filter>diff</Filter>
    </ClCompile>
    <ClCompile Include="r_bsp.c">
      <Filter>diff</Filter>
    </ClCompile>
    <ClCompile Include="r_draw.c">
      <Filter>diff</Filter>
    </ClCompile>
    <ClCompile Include="r_edge.c">
      <Filter>diff</Filter>
    </ClCompile>
    <ClCompile Include="r_efrag.c">
      <Filter>diff</Filter>
    </ClCompile>
    <ClCompile Include="r_light.c">
      <Filter>diff</Filter>
    </ClCompile>
    <ClCompile Include="r_main.c">
      <Filter>diff</Filter>
    </ClCompile>
    <ClCompile Include="r_misc.c">
      <Filter>diff</Filter>
    </ClCompile>
    <ClCompile Include="r_sky.c">
      <Filter>diff</Filter>
    </ClCompile>
    <ClCompile Include="r_sprite.c">
      <Filter>diff</Filter>
    </ClCompile>
    <ClCompile Include="r_surf.c">
      <Filter>diff</Filter>
    </ClCompile>
    <ClCompile Include="r_vars.c">
      <Filter>diff</Filter>
    </ClCompile>
    <ClCompile Include="screen.c">
      <Filter>diff</Filter>
    </ClCompile>
    <ClCompile Include="vid_win.c">
      <Filter>diff</Filter>
    </ClCompile>
  </ItemGroup>
  <ItemGroup>
    <ResourceCompile Include="winquake.rc">
      <Filter>Файлы ресурсов</Filter>
    </ResourceCompile>
  </ItemGroup>
  <ItemGroup>
    <Image Include="quake.ico">
      <Filter>Файлы ресурсов</Filter>
    </Image>
  </ItemGroup>
  <ItemGroup>
    <ClInclude Include="..\common\adivtab.h">
      <Filter>Файлы заголовков</Filter>
    </ClInclude>
    <ClInclude Include="..\common\anorms.h">
      <Filter>Файлы заголовков</Filter>
    </ClInclude>
    <ClInclude Include="..\common\bspfile.h">
      <Filter>Файлы заголовков</Filter>
    </ClInclude>
    <ClInclude Include="..\common\cdaudio.h">
      <Filter>Файлы заголовков</Filter>
    </ClInclude>
    <ClInclude Include="..\common\client.h">
      <Filter>Файлы заголовков</Filter>
    </ClInclude>
    <ClInclude Include="..\common\cmd.h">
      <Filter>Файлы заголовков</Filter>
    </ClInclude>
    <ClInclude Include="..\common\common.h">
      <Filter>Файлы заголовков</Filter>
    </ClInclude>
    <ClInclude Include="..\common\conproc.h">
      <Filter>Файлы заголовков</Filter>
    </ClInclude>
    <ClInclude Include="..\common\console.h">
      <Filter>Файлы заголовков</Filter>
    </ClInclude>
    <ClInclude Include="..\common\crc.h">
      <Filter>Файлы заголовков</Filter>
    </ClInclude>
    <ClInclude Include="..\common\cvar.h">
      <Filter>Файлы заголовков</Filter>
    </ClInclude>
    <ClInclude Include="..\common\draw.h">
      <Filter>Файлы заголовков</Filter>
    </ClInclude>
    <ClInclude Include="..\common\input.h">
      <Filter>Файлы заголовков</Filter>
    </ClInclude>
    <ClInclude Include="..\common\keys.h">
      <Filter>Файлы заголовков</Filter>
    </ClInclude>
    <ClInclude Include="..\common\mathlib.h">
      <Filter>Файлы заголовков</Filter>
    </ClInclude>
    <ClInclude Include="..\common\menu.h">
      <Filter>Файлы заголовков</Filter>
    </ClInclude>
    <ClInclude Include="..\common\model.h">
      <Filter>Файлы заголовков</Filter>
    </ClInclude>
    <ClInclude Include="..\common\modelgen.h">
      <Filter>Файлы заголовков</Filter>
    </ClInclude>
    <ClInclude Include="..\common\net.h">
      <Filter>Файлы заголовков</Filter>
    </ClInclude>
    <ClInclude Include="..\common\net_dgrm.h">
      <Filter>Файлы заголовков</Filter>
    </ClInclude>
    <ClInclude Include="..\common\net_loop.h">
      <Filter>Файлы заголовков</Filter>
    </ClInclude>
    <ClInclude Include="..\common\net_vcr.h">
      <Filter>Файлы заголовков</Filter>
    </ClInclude>
    <ClInclude Include="..\common\net_wins.h">
      <Filter>Файлы заголовков</Filter>
    </ClInclude>
    <ClInclude Include="..\common\net_wipx.h">
      <Filter>Файлы заголовков</Filter>
    </ClInclude>
    <ClInclude Include="..\common\pr_comp.h">
      <Filter>Файлы заголовков</Filter>
    </ClInclude>
    <ClInclude Include="..\common\progdefs.h">
      <Filter>Файлы заголовков</Filter>
    </ClInclude>
    <ClInclude Include="..\common\progs.h">
      <Filter>Файлы заголовков</Filter>
    </ClInclude>
    <ClInclude Include="..\common\protocol.h">
      <Filter>Файлы заголовков</Filter>
    </ClInclude>
    <ClInclude Include="..\common\quakedef.h">
      <Filter>Файлы заголовков</Filter>
    </ClInclude>
    <ClInclude Include="..\common\r_local.h">
      <Filter>Файлы заголовков</Filter>
    </ClInclude>
    <ClInclude Include="..\common\r_shared.h">
      <Filter>Файлы заголовков</Filter>
    </ClInclude>
    <ClInclude Include="..\common\render.h">
      <Filter>Файлы заголовков</Filter>
    </ClInclude>
    <ClInclude Include="..\common\resource.h">
      <Filter>Файлы заголовков</Filter>
    </ClInclude>
    <ClInclude Include="..\common\sbar.h">
      <Filter>Файлы заголовков</Filter>
    </ClInclude>
    <ClInclude Include="..\common\screen.h">
      <Filter>Файлы заголовков</Filter>
    </ClInclude>
    <ClInclude Include="..\common\server.h">
      <Filter>Файлы заголовков</Filter>
    </ClInclude>
    <ClInclude Include="..\common\sound.h">
      <Filter>Файлы заголовков</Filter>
    </ClInclude>
    <ClInclude Include="..\common\spritegn.h">
      <Filter>Файлы заголовков</Filter>
    </ClInclude>
    <ClInclude Include="..\common\sys.h">
      <Filter>Файлы заголовков</Filter>
    </ClInclude>
    <ClInclude Include="..\common\vid.h">
      <Filter>Файлы заголовков</Filter>
    </ClInclude>
    <ClInclude Include="..\common\view.h">
      <Filter>Файлы заголовков</Filter>
    </ClInclude>
    <ClInclude Include="..\common\wad.h">
      <Filter>Файлы заголовков</Filter>
    </ClInclude>
    <ClInclude Include="..\common\winquake.h">
      <Filter>Файлы заголовков</Filter>
    </ClInclude>
    <ClInclude Include="..\common\world.h">
      <Filter>Файлы заголовков</Filter>
    </ClInclude>
    <ClInclude Include="..\common\zone.h">
      <Filter>Файлы заголовков</Filter>
    </ClInclude>
    <ClInclude Include="d_iface.h">
      <Filter>Файлы заголовков</Filter>
    </ClInclude>
    <ClInclude Include="d_local.h">
      <Filter>Файлы заголовков</Filter>
    </ClInclude>
  </ItemGroup>
  <ItemGroup>
    <None Include="..\common\progdefs.q1" />
  </ItemGroup>
</Project>