<?xml version="1.0" encoding="utf-8"?>
<Project ToolsVersion="4.0" xmlns="http://schemas.microsoft.com/developer/msbuild/2003">
  <ItemGroup>
    <Filter Include="Исходные файлы">
      <UniqueIdentifier>{4FC737F1-C7A5-4376-A066-2A32D752A2FF}</UniqueIdentifier>
      <Extensions>cpp;c;cc;cxx;c++;cppm;ixx;def;odl;idl;hpj;bat;asm;asmx</Extensions>
    </Filter>
    <Filter Include="Файлы заголовков">
      <UniqueIdentifier>{93995380-89BD-4b04-88EB-625FBE52EBFB}</UniqueIdentifier>
      <Extensions>h;hh;hpp;hxx;h++;hm;inl;inc;ipp;xsd</Extensions>
    </Filter>
    <Filter Include="Файлы ресурсов">
      <UniqueIdentifier>{67DA6AB6-F800-4c08-8B7A-83BB121AAD01}</UniqueIdentifier>
      <Extensions>rc;ico;cur;bmp;dlg;rc2;rct;bin;rgs;gif;jpg;jpeg;jpe;resx;tiff;tif;png;wav;mfcribbon-ms</Extensions>
    </Filter>
    <Filter Include="diff">
      <UniqueIdentifier>{9c6037d9-3b84-4e71-8224-9cf0e9284b10}</UniqueIdentifier>
    </Filter>
  </ItemGroup>
  <ItemGroup>
    <ClCompile Include="d_fill.c">
      <Filter>diff</Filter>
    </ClCompile>
    <ClCompile Include="d_edge.c">
      <Filter>diff</Filter>
    </ClCompile>
    <ClCompile Include="d_init.c">
      <Filter>diff</Filter>
    </ClCompile>
    <ClCompile Include="d_modech.c">
      <Filter>diff</Filter>
    </ClCompile>
    <ClCompile Include="d_part.c">
      <Filter>diff</Filter>
    </ClCompile>
    <ClCompile Include="d_polyse.c">
      <Filter>diff</Filter>
    </ClCompile>
    <ClCompile Include="d_scan.c">
      <Filter>diff</Filter>
    </ClCompile>
    <ClCompile Include="d_sky.c">
      <Filter>diff</Filter>
    </ClCompile>
    <ClCompile Include="d_sprite.c">
      <Filter>diff</Filter>
    </ClCompile>
    <ClCompile Include="d_surf.c">
      <Filter>diff</Filter>
    </ClCompile>
    <ClCompile Include="d_vars.c">
      <Filter>diff</Filter>
    </ClCompile>
    <ClCompile Include="d_zpoint.c">
      <Filter>diff</Filter>
    </ClCompile>
    <ClCompile Include="draw.c">
      <Filter>diff</Filter>
    </ClCompile>
    <ClCompile Include="model.c">
      <Filter>diff</Filter>
    </ClCompile>
    <ClCompile Include="r_aclip.c">
      <Filter>diff</Filter>
    </ClCompile>
    <ClCompile Include="r_alias.c">
      <Filter>diff</Filter>
    </ClCompile>
    <ClCompile Include="r_bsp.c">
      <Filter>diff</Filter>
    </ClCompile>
    <ClCompile Include="r_draw.c">
      <Filter>diff</Filter>
    </ClCompile>
    <ClCompile Include="r_edge.c">
      <Filter>diff</Filter>
    </ClCompile>
    <ClCompile Include="r_efrag.c">
      <Filter>diff</Filter>
    </ClCompile>
    <ClCompile Include="r_light.c">
      <Filter>diff</Filter>
    </ClCompile>
    <ClCompile Include="r_main.c">
      <Filter>diff</Filter>
    </ClCompile>
    <ClCompile Include="r_misc.c">
      <Filter>diff</Filter>
    </ClCompile>
    <ClCompile Include="r_sky.c">
      <Filter>diff</Filter>
    </ClCompile>
    <ClCompile Include="r_sprite.c">
      <Filter>diff</Filter>
    </ClCompile>
    <ClCompile Include="r_surf.c">
      <Filter>diff</Filter>
    </ClCompile>
    <ClCompile Include="screen.c">
      <Filter>diff</Filter>
    </ClCompile>
    <ClCompile Include="vid_win.c">
      <Filter>diff</Filter>
    </ClCompile>
    <ClCompile Include="..\common\cd_win.c">
      <Filter>Исходные файлы</Filter>
    </ClCompile>
    <ClCompile Include="..\common\chase.c">
      <Filter>Исходные файлы</Filter>
    </ClCompile>
    <ClCompile Include="..\common\cl_demo.c">
      <Filter>Исходные файлы</Filter>
    </ClCompile>
    <ClCompile Include="..\common\cl_input.c">
      <Filter>Исходные файлы</Filter>
    </ClCompile>
    <ClCompile Include="..\common\cl_main.c">
      <Filter>Исходные файлы</Filter>
    </ClCompile>
    <ClCompile Include="..\common\cl_parse.c">
      <Filter>Исходные файлы</Filter>
    </ClCompile>
    <ClCompile Include="..\common\cl_tent.c">
      <Filter>Исходные файлы</Filter>
    </ClCompile>
    <ClCompile Include="..\common\cmd.c">
      <Filter>Исходные файлы</Filter>
    </ClCompile>
    <ClCompile Include="..\common\common.c">
      <Filter>Исходные файлы</Filter>
    </ClCompile>
    <ClCompile Include="..\common\conproc.c">
      <Filter>Исходные файлы</Filter>
    </ClCompile>
    <ClCompile Include="..\common\console.c">
      <Filter>Исходные файлы</Filter>
    </ClCompile>
    <ClCompile Include="..\common\crc.c">
      <Filter>Исходные файлы</Filter>
    </ClCompile>
    <ClCompile Include="..\common\cvar.c">
      <Filter>Исходные файлы</Filter>
    </ClCompile>
    <ClCompile Include="..\common\host.c">
      <Filter>Исходные файлы</Filter>
    </ClCompile>
    <ClCompile Include="..\common\host_cmd.c">
      <Filter>Исходные файлы</Filter>
    </ClCompile>
    <ClCompile Include="..\common\input.c">
      <Filter>Исходные файлы</Filter>
    </ClCompile>
    <ClCompile Include="..\common\keys.c">
      <Filter>Исходные файлы</Filter>
    </ClCompile>
    <ClCompile Include="..\common\mathlib.c">
      <Filter>Исходные файлы</Filter>
    </ClCompile>
    <ClCompile Include="..\common\menu.c">
      <Filter>Исходные файлы</Filter>
    </ClCompile>
    <ClCompile Include="..\common\net_dgrm.c">
      <Filter>Исходные файлы</Filter>
    </ClCompile>
    <ClCompile Include="..\common\net_loop.c">
      <Filter>Исходные файлы</Filter>
    </ClCompile>
    <ClCompile Include="..\common\net_main.c">
      <Filter>Исходные файлы</Filter>
    </ClCompile>
    <ClCompile Include="..\common\net_vcr.c">
      <Filter>Исходные файлы</Filter>
    </ClCompile>
    <ClCompile Include="..\common\net_win.c">
      <Filter>Исходные файлы</Filter>
    </ClCompile>
    <ClCompile Include="..\common\net_wins.c">
      <Filter>Исходные файлы</Filter>
    </ClCompile>
    <ClCompile Include="..\common\net_wipx.c">
      <Filter>Исходные файлы</Filter>
    </ClCompile>
    <ClCompile Include="..\common\nonintel.c">
      <Filter>Исходные файлы</Filter>
    </ClCompile>
    <ClCompile Include="..\common\pr_cmds.c">
      <Filter>Исходные файлы</Filter>
    </ClCompile>
    <ClCompile Include="..\common\pr_edict.c">
      <Filter>Исходные файлы</Filter>
    </ClCompile>
    <ClCompile Include="..\common\pr_exec.c">
      <Filter>Исходные файлы</Filter>
    </ClCompile>
    <ClCompile Include="..\common\r_part.c">
      <Filter>Исходные файлы</Filter>
    </ClCompile>
    <ClCompile Include="..\common\sbar.c">
      <Filter>Исходные файлы</Filter>
    </ClCompile>
    <ClCompile Include="..\common\snd_dma.c">
      <Filter>Исходные файлы</Filter>
    </ClCompile>
    <ClCompile Include="..\common\snd_mem.c">
      <Filter>Исходные файлы</Filter>
    </ClCompile>
    <ClCompile Include="..\common\snd_mix.c">
      <Filter>Исходные файлы</Filter>
    </ClCompile>
    <ClCompile Include="..\common\snd_win.c">
      <Filter>Исходные файлы</Filter>
    </ClCompile>
    <ClCompile Include="..\common\sv_main.c">
      <Filter>Исходные файлы</Filter>
    </ClCompile>
    <ClCompile Include="..\common\sv_move.c">
      <Filter>Исходные файлы</Filter>
    </ClCompile>
    <ClCompile Include="..\common\sv_phys.c">
      <Filter>Исходные файлы</Filter>
    </ClCompile>
    <ClCompile Include="..\common\sv_user.c">
      <Filter>Исходные файлы</Filter>
    </ClCompile>
    <ClCompile Include="..\common\view.c">
      <Filter>Исходные файлы</Filter>
    </ClCompile>
    <ClCompile Include="..\common\wad.c">
      <Filter>Исходные файлы</Filter>
    </ClCompile>
    <ClCompile Include="..\common\world.c">
      <Filter>Исходные файлы</Filter>
    </ClCompile>
    <ClCompile Include="..\common\zone.c">
      <Filter>Исходные файлы</Filter>
    </ClCompile>
    <ClCompile Include="..\common\sys.c">
      <Filter>Исходные файлы</Filter>
    </ClCompile>
  </ItemGroup>
  <ItemGroup>
    <ClInclude Include="..\common\bspfile.h">
      <Filter>Файлы заголовков</Filter>
    </ClInclude>
    <ClInclude Include="..\common\cdaudio.h">
      <Filter>Файлы заголовков</Filter>
    </ClInclude>
    <ClInclude Include="..\common\client.h">
      <Filter>Файлы заголовков</Filter>
    </ClInclude>
    <ClInclude Include="..\common\cmd.h">
      <Filter>Файлы заголовков</Filter>
    </ClInclude>
    <ClInclude Include="..\common\common.h">
      <Filter>Файлы заголовков</Filter>
    </ClInclude>
    <ClInclude Include="..\common\conproc.h">
      <Filter>Файлы заголовков</Filter>
    </ClInclude>
    <ClInclude Include="..\common\console.h">
      <Filter>Файлы заголовков</Filter>
    </ClInclude>
    <ClInclude Include="..\common\crc.h">
      <Filter>Файлы заголовков</Filter>
    </ClInclude>
    <ClInclude Include="..\common\cvar.h">
      <Filter>Файлы заголовков</Filter>
    </ClInclude>
    <ClInclude Include="..\common\draw.h">
      <Filter>Файлы заголовков</Filter>
    </ClInclude>
    <ClInclude Include="..\common\input.h">
      <Filter>Файлы заголовков</Filter>
    </ClInclude>
    <ClInclude Include="..\common\keys.h">
      <Filter>Файлы заголовков</Filter>
    </ClInclude>
    <ClInclude Include="..\common\mathlib.h">
      <Filter>Файлы заголовков</Filter>
    </ClInclude>
    <ClInclude Include="..\common\menu.h">
      <Filter>Файлы заголовков</Filter>
    </ClInclude>
    <ClInclude Include="..\common\modelgen.h">
      <Filter>Файлы заголовков</Filter>
    </ClInclude>
    <ClInclude Include="..\common\net.h">
      <Filter>Файлы заголовков</Filter>
    </ClInclude>
    <ClInclude Include="..\common\net_dgrm.h">
      <Filter>Файлы заголовков</Filter>
    </ClInclude>
    <ClInclude Include="..\common\net_loop.h">
      <Filter>Файлы заголовков</Filter>
    </ClInclude>
    <ClInclude Include="..\common\net_vcr.h">
      <Filter>Файлы заголовков</Filter>
    </ClInclude>
    <ClInclude Include="..\common\net_wins.h">
      <Filter>Файлы заголовков</Filter>
    </ClInclude>
    <ClInclude Include="..\common\net_wipx.h">
      <Filter>Файлы заголовков</Filter>
    </ClInclude>
    <ClInclude Include="..\common\pr_comp.h">
      <Filter>Файлы заголовков</Filter>
    </ClInclude>
    <ClInclude Include="..\common\progdefs.h">
      <Filter>Файлы заголовков</Filter>
    </ClInclude>
    <ClInclude Include="..\common\progs.h">
      <Filter>Файлы заголовков</Filter>
    </ClInclude>
    <ClInclude Include="..\common\protocol.h">
      <Filter>Файлы заголовков</Filter>
    </ClInclude>
    <ClInclude Include="..\common\quakedef.h">
      <Filter>Файлы заголовков</Filter>
    </ClInclude>
    <ClInclude Include="..\common\r_local.h">
      <Filter>Файлы заголовков</Filter>
    </ClInclude>
    <ClInclude Include="..\common\r_shared.h">
      <Filter>Файлы заголовков</Filter>
    </ClInclude>
    <ClInclude Include="..\common\render.h">
      <Filter>Файлы заголовков</Filter>
    </ClInclude>
    <ClInclude Include="..\common\resource.h">
      <Filter>Файлы заголовков</Filter>
    </ClInclude>
    <ClInclude Include="..\common\sbar.h">
      <Filter>Файлы заголовков</Filter>
    </ClInclude>
    <ClInclude Include="..\common\screen.h">
      <Filter>Файлы заголовков</Filter>
    </ClInclude>
    <ClInclude Include="..\common\server.h">
      <Filter>Файлы заголовков</Filter>
    </ClInclude>
    <ClInclude Include="..\common\sound.h">
      <Filter>Файлы заголовков</Filter>
    </ClInclude>
    <ClInclude Include="..\common\spritegn.h">
      <Filter>Файлы заголовков</Filter>
    </ClInclude>
    <ClInclude Include="..\common\sys.h">
      <Filter>Файлы заголовков</Filter>
    </ClInclude>
    <ClInclude Include="..\common\vid.h">
      <Filter>Файлы заголовков</Filter>
    </ClInclude>
    <ClInclude Include="..\common\view.h">
      <Filter>Файлы заголовков</Filter>
    </ClInclude>
    <ClInclude Include="..\common\wad.h">
      <Filter>Файлы заголовков</Filter>
    </ClInclude>
    <ClInclude Include="..\common\winquake.h">
      <Filter>Файлы заголовков</Filter>
    </ClInclude>
    <ClInclude Include="..\common\world.h">
      <Filter>Файлы заголовков</Filter>
    </ClInclude>
    <ClInclude Include="..\common\zone.h">
      <Filter>Файлы заголовков</Filter>
    </ClInclude>
    <ClInclude Include="d_local.h">
      <Filter>diff</Filter>
    </ClInclude>
    <ClInclude Include="..\common\d_iface.h">
      <Filter>diff</Filter>
    </ClInclude>
    <ClInclude Include="..\common\model.h">
      <Filter>diff</Filter>
    </ClInclude>
    <ClInclude Include="..\common\chase.h">
      <Filter>Файлы заголовков</Filter>
    </ClInclude>
    <ClInclude Include="..\common\host.h">
      <Filter>Файлы заголовков</Filter>
    </ClInclude>
    <ClInclude Include="..\common\cl_demo.h">
      <Filter>Файлы заголовков</Filter>
    </ClInclude>
    <ClInclude Include="..\common\cl_input.h">
      <Filter>Файлы заголовков</Filter>
    </ClInclude>
    <ClInclude Include="..\common\cl_main.h">
      <Filter>Файлы заголовков</Filter>
    </ClInclude>
    <ClInclude Include="..\common\cl_parse.h">
      <Filter>Файлы заголовков</Filter>
    </ClInclude>
    <ClInclude Include="..\common\cl_tent.h">
      <Filter>Файлы заголовков</Filter>
    </ClInclude>
    <ClInclude Include="..\common\net_main.h">
      <Filter>Файлы заголовков</Filter>
    </ClInclude>
    <ClInclude Include="..\common\net_win.h">
      <Filter>Файлы заголовков</Filter>
    </ClInclude>
    <ClInclude Include="..\common\pr_cmds.h">
      <Filter>Файлы заголовков</Filter>
    </ClInclude>
    <ClInclude Include="..\common\pr_edict.h">
      <Filter>Файлы заголовков</Filter>
    </ClInclude>
    <ClInclude Include="..\common\pr_exec.h">
      <Filter>Файлы заголовков</Filter>
    </ClInclude>
    <ClInclude Include="..\common\entity_state.h">
      <Filter>Файлы заголовков</Filter>
    </ClInclude>
    <ClInclude Include="..\common\sv_main.h">
      <Filter>Файлы заголовков</Filter>
    </ClInclude>
    <ClInclude Include="..\common\sv_move.h">
      <Filter>Файлы заголовков</Filter>
    </ClInclude>
    <ClInclude Include="..\common\sv_phys.h">
      <Filter>Файлы заголовков</Filter>
    </ClInclude>
    <ClInclude Include="..\common\sv_user.h">
      <Filter>Файлы заголовков</Filter>
    </ClInclude>
    <ClInclude Include="..\common\enum_synctype.h">
      <Filter>Файлы заголовков</Filter>
    </ClInclude>
    <ClInclude Include="..\common\typedef_byte.h">
      <Filter>Файлы заголовков</Filter>
    </ClInclude>
    <ClInclude Include="..\common\snd_dma.h">
      <Filter>Файлы заголовков</Filter>
    </ClInclude>
    <ClInclude Include="..\common\snd_mix.h">
      <Filter>Файлы заголовков</Filter>
    </ClInclude>
    <ClInclude Include="..\common\snd_win.h">
      <Filter>Файлы заголовков</Filter>
    </ClInclude>
    <ClInclude Include="..\common\snd_mem.h">
      <Filter>Файлы заголовков</Filter>
    </ClInclude>
    <ClInclude Include="..\common\host_cmd.h">
      <Filter>Файлы заголовков</Filter>
    </ClInclude>
  </ItemGroup>
  <ItemGroup>
    <ResourceCompile Include="..\common\winquake.rc">
      <Filter>Файлы ресурсов</Filter>
    </ResourceCompile>
  </ItemGroup>
  <ItemGroup>
    <Image Include="..\common\quake.ico">
      <Filter>Файлы ресурсов</Filter>
    </Image>
  </ItemGroup>
</Project>